
Microsoft Visual Studio Solution File, Format Version 12.00
# Visual Studio 14
VisualStudioVersion = 14.0.25420.1
MinimumVisualStudioVersion = 10.0.40219.1
Project("{FAE04EC0-301F-11D3-BF4B-00C04F79EFBC}") = "IteratorPattern", "IteratorPattern\IteratorPattern.csproj", "{93B58C3C-1ED9-4AC1-B514-F55AA4A6D761}"
EndProject
Project("{FAE04EC0-301F-11D3-BF4B-00C04F79EFBC}") = "ObserverPattern", "ObserverPattern\ObserverPattern.csproj", "{7228CD10-0501-4D94-8DC6-F919CB3A6F64}"
EndProject
Project("{FAE04EC0-301F-11D3-BF4B-00C04F79EFBC}") = "MediatorPattern", "MediatorPattern\MediatorPattern.csproj", "{2C74E393-5651-49AB-A29B-0C5B85F8A4CD}"
EndProject
Global
	GlobalSection(SolutionConfigurationPlatforms) = preSolution
		Debug|Any CPU = Debug|Any CPU
		Release|Any CPU = Release|Any CPU
	EndGlobalSection
	GlobalSection(ProjectConfigurationPlatforms) = postSolution
		{93B58C3C-1ED9-4AC1-B514-F55AA4A6D761}.Debug|Any CPU.ActiveCfg = Debug|Any CPU
		{93B58C3C-1ED9-4AC1-B514-F55AA4A6D761}.Debug|Any CPU.Build.0 = Debug|Any CPU
		{93B58C3C-1ED9-4AC1-B514-F55AA4A6D761}.Release|Any CPU.ActiveCfg = Release|Any CPU
		{93B58C3C-1ED9-4AC1-B514-F55AA4A6D761}.Release|Any CPU.Build.0 = Release|Any CPU
		{7228CD10-0501-4D94-8DC6-F919CB3A6F64}.Debug|Any CPU.ActiveCfg = Debug|Any CPU
		{7228CD10-0501-4D94-8DC6-F919CB3A6F64}.Debug|Any CPU.Build.0 = Debug|Any CPU
		{7228CD10-0501-4D94-8DC6-F919CB3A6F64}.Release|Any CPU.ActiveCfg = Release|Any CPU
		{7228CD10-0501-4D94-8DC6-F919CB3A6F64}.Release|Any CPU.Build.0 = Release|Any CPU
		{2C74E393-5651-49AB-A29B-0C5B85F8A4CD}.Debug|Any CPU.ActiveCfg = Debug|Any CPU
		{2C74E393-5651-49AB-A29B-0C5B85F8A4CD}.Debug|Any CPU.Build.0 = Debug|Any CPU
		{2C74E393-5651-49AB-A29B-0C5B85F8A4CD}.Release|Any CPU.ActiveCfg = Release|Any CPU
		{2C74E393-5651-49AB-A29B-0C5B85F8A4CD}.Release|Any CPU.Build.0 = Release|Any CPU
	EndGlobalSection
	GlobalSection(SolutionProperties) = preSolution
		HideSolutionNode = FALSE
	EndGlobalSection
EndGlobal
